
Microsoft Visual Studio Solution File, Format Version 12.00
# Visual Studio Version 16
VisualStudioVersion = 16.0.29806.167
MinimumVisualStudioVersion = 10.0.40219.1
Project("{FAE04EC0-301F-11D3-BF4B-00C04F79EFBC}") = "ClassandObject", "ClassandObject\ClassandObject.csproj", "{971BED62-5F0C-4C10-A921-B5977A3D164D}"
EndProject
Global
	GlobalSection(SolutionConfigurationPlatforms) = preSolution
		Debug|Any CPU = Debug|Any CPU
		Release|Any CPU = Release|Any CPU
	EndGlobalSection
	GlobalSection(ProjectConfigurationPlatforms) = postSolution
		{971BED62-5F0C-4C10-A921-B5977A3D164D}.Debug|Any CPU.ActiveCfg = Debug|Any CPU
		{971BED62-5F0C-4C10-A921-B5977A3D164D}.Debug|Any CPU.Build.0 = Debug|Any CPU
		{971BED62-5F0C-4C10-A921-B5977A3D164D}.Release|Any CPU.ActiveCfg = Release|Any CPU
		{971BED62-5F0C-4C10-A921-B5977A3D164D}.Release|Any CPU.Build.0 = Release|Any CPU
	EndGlobalSection
	GlobalSection(SolutionProperties) = preSolution
		HideSolutionNode = FALSE
	EndGlobalSection
	GlobalSection(ExtensibilityGlobals) = postSolution
		SolutionGuid = {26C9EDB1-024E-4323-B0E3-684DB849CFD3}
	EndGlobalSection
EndGlobal
