
Microsoft Visual Studio Solution File, Format Version 12.00
# Visual Studio Version 16
VisualStudioVersion = 16.0.29806.167
MinimumVisualStudioVersion = 10.0.40219.1
Project("{FAE04EC0-301F-11D3-BF4B-00C04F79EFBC}") = "InterfaceApp", "InterfaceApp\InterfaceApp.csproj", "{719D76ED-1132-45F7-8D6A-87F7ED04D550}"
EndProject
Global
	GlobalSection(SolutionConfigurationPlatforms) = preSolution
		Debug|Any CPU = Debug|Any CPU
		Release|Any CPU = Release|Any CPU
	EndGlobalSection
	GlobalSection(ProjectConfigurationPlatforms) = postSolution
		{719D76ED-1132-45F7-8D6A-87F7ED04D550}.Debug|Any CPU.ActiveCfg = Debug|Any CPU
		{719D76ED-1132-45F7-8D6A-87F7ED04D550}.Debug|Any CPU.Build.0 = Debug|Any CPU
		{719D76ED-1132-45F7-8D6A-87F7ED04D550}.Release|Any CPU.ActiveCfg = Release|Any CPU
		{719D76ED-1132-45F7-8D6A-87F7ED04D550}.Release|Any CPU.Build.0 = Release|Any CPU
	EndGlobalSection
	GlobalSection(SolutionProperties) = preSolution
		HideSolutionNode = FALSE
	EndGlobalSection
	GlobalSection(ExtensibilityGlobals) = postSolution
		SolutionGuid = {8E375F70-71D9-4549-A6A1-875C48FD39E4}
	EndGlobalSection
EndGlobal
